
Microsoft Visual Studio Solution File, Format Version 12.00
# Visual Studio Version 17
VisualStudioVersion = 17.1.32210.238
MinimumVisualStudioVersion = 10.0.40219.1
Project("{9A19103F-16F7-4668-BE54-9A1E7A4F7556}") = "Cylinders-Calculator", "Exercises\Cylinders-Calculator.csproj", "{80325C50-2B3A-436A-8350-93F5F6D47EBB}"
EndProject
Global
	GlobalSection(SolutionConfigurationPlatforms) = preSolution
		Debug|Any CPU = Debug|Any CPU
		Release|Any CPU = Release|Any CPU
	EndGlobalSection
	GlobalSection(ProjectConfigurationPlatforms) = postSolution
		{80325C50-2B3A-436A-8350-93F5F6D47EBB}.Debug|Any CPU.ActiveCfg = Debug|Any CPU
		{80325C50-2B3A-436A-8350-93F5F6D47EBB}.Debug|Any CPU.Build.0 = Debug|Any CPU
		{80325C50-2B3A-436A-8350-93F5F6D47EBB}.Release|Any CPU.ActiveCfg = Release|Any CPU
		{80325C50-2B3A-436A-8350-93F5F6D47EBB}.Release|Any CPU.Build.0 = Release|Any CPU
	EndGlobalSection
	GlobalSection(SolutionProperties) = preSolution
		HideSolutionNode = FALSE
	EndGlobalSection
	GlobalSection(ExtensibilityGlobals) = postSolution
		SolutionGuid = {8342A7DF-2AAF-4240-A40B-BEE7414FF920}
	EndGlobalSection
EndGlobal
